
Microsoft Visual Studio Solution File, Format Version 12.00
# Visual Studio Version 17
VisualStudioVersion = 17.1.32421.90
MinimumVisualStudioVersion = 10.0.40219.1
Project("{FAE04EC0-301F-11D3-BF4B-00C04F79EFBC}") = "Karne_otomasyon", "Karne_otomasyon\Karne_otomasyon.csproj", "{5506F48D-4EED-4257-B32B-C042C1B4F208}"
EndProject
Global
	GlobalSection(SolutionConfigurationPlatforms) = preSolution
		Debug|Any CPU = Debug|Any CPU
		Release|Any CPU = Release|Any CPU
	EndGlobalSection
	GlobalSection(ProjectConfigurationPlatforms) = postSolution
		{5506F48D-4EED-4257-B32B-C042C1B4F208}.Debug|Any CPU.ActiveCfg = Debug|Any CPU
		{5506F48D-4EED-4257-B32B-C042C1B4F208}.Debug|Any CPU.Build.0 = Debug|Any CPU
		{5506F48D-4EED-4257-B32B-C042C1B4F208}.Release|Any CPU.ActiveCfg = Release|Any CPU
		{5506F48D-4EED-4257-B32B-C042C1B4F208}.Release|Any CPU.Build.0 = Release|Any CPU
	EndGlobalSection
	GlobalSection(SolutionProperties) = preSolution
		HideSolutionNode = FALSE
	EndGlobalSection
	GlobalSection(ExtensibilityGlobals) = postSolution
		SolutionGuid = {44337656-F23D-435C-9233-C19466E3FDDB}
	EndGlobalSection
EndGlobal
